// !$*UTF8*$!
{
	archiveVersion = 1;
	classes = {
	};
	objectVersion = 55;
	objects = {

/* Begin PBXBuildFile section */
		4DF4D38627FD5CEA00405AB4 /* AppDelegate.swift in Sources */ = {isa = PBXBuildFile; fileRef = 4DF4D38527FD5CEA00405AB4 /* AppDelegate.swift */; };
		4DF4D38827FD5CEA00405AB4 /* SceneDelegate.swift in Sources */ = {isa = PBXBuildFile; fileRef = 4DF4D38727FD5CEA00405AB4 /* SceneDelegate.swift */; };
		4DF4D38A27FD5CEA00405AB4 /* ViewController.swift in Sources */ = {isa = PBXBuildFile; fileRef = 4DF4D38927FD5CEA00405AB4 /* ViewController.swift */; };
		4DF4D38D27FD5CEA00405AB4 /* Main.storyboard in Resources */ = {isa = PBXBuildFile; fileRef = 4DF4D38B27FD5CEA00405AB4 /* Main.storyboard */; };
		4DF4D38F27FD5CEF00405AB4 /* Assets.xcassets in Resources */ = {isa = PBXBuildFile; fileRef = 4DF4D38E27FD5CEF00405AB4 /* Assets.xcassets */; };
		4DF4D39227FD5CEF00405AB4 /* LaunchScreen.storyboard in Resources */ = {isa = PBXBuildFile; fileRef = 4DF4D39027FD5CEF00405AB4 /* LaunchScreen.storyboard */; };
		4DF4D39A27FD5D2E00405AB4 /* Login.swift in Sources */ = {isa = PBXBuildFile; fileRef = 4DF4D39927FD5D2E00405AB4 /* Login.swift */; };
		4DF4D39C27FD5D6700405AB4 /* SignUpName.swift in Sources */ = {isa = PBXBuildFile; fileRef = 4DF4D39B27FD5D6700405AB4 /* SignUpName.swift */; };
		4DF4D39E27FD5F9E00405AB4 /* SIgnUpPw.swift in Sources */ = {isa = PBXBuildFile; fileRef = 4DF4D39D27FD5F9E00405AB4 /* SIgnUpPw.swift */; };
		4DF4D3A027FD5FB600405AB4 /* Welcome.swift in Sources */ = {isa = PBXBuildFile; fileRef = 4DF4D39F27FD5FB600405AB4 /* Welcome.swift */; };
/* End PBXBuildFile section */

/* Begin PBXFileReference section */
		4DF4D38227FD5CEA00405AB4 /* Instagram Clone Coding.app */ = {isa = PBXFileReference; explicitFileType = wrapper.application; includeInIndex = 0; path = "Instagram Clone Coding.app"; sourceTree = BUILT_PRODUCTS_DIR; };
		4DF4D38527FD5CEA00405AB4 /* AppDelegate.swift */ = {isa = PBXFileReference; lastKnownFileType = sourcecode.swift; path = AppDelegate.swift; sourceTree = "<group>"; };
		4DF4D38727FD5CEA00405AB4 /* SceneDelegate.swift */ = {isa = PBXFileReference; lastKnownFileType = sourcecode.swift; path = SceneDelegate.swift; sourceTree = "<group>"; };
		4DF4D38927FD5CEA00405AB4 /* ViewController.swift */ = {isa = PBXFileReference; lastKnownFileType = sourcecode.swift; path = ViewController.swift; sourceTree = "<group>"; };
		4DF4D38C27FD5CEA00405AB4 /* Base */ = {isa = PBXFileReference; lastKnownFileType = file.storyboard; name = Base; path = Base.lproj/Main.storyboard; sourceTree = "<group>"; };
		4DF4D38E27FD5CEF00405AB4 /* Assets.xcassets */ = {isa = PBXFileReference; lastKnownFileType = folder.assetcatalog; path = Assets.xcassets; sourceTree = "<group>"; };
		4DF4D39127FD5CEF00405AB4 /* Base */ = {isa = PBXFileReference; lastKnownFileType = file.storyboard; name = Base; path = Base.lproj/LaunchScreen.storyboard; sourceTree = "<group>"; };
		4DF4D39327FD5CEF00405AB4 /* Info.plist */ = {isa = PBXFileReference; lastKnownFileType = text.plist.xml; path = Info.plist; sourceTree = "<group>"; };
		4DF4D39927FD5D2E00405AB4 /* Login.swift */ = {isa = PBXFileReference; lastKnownFileType = sourcecode.swift; path = Login.swift; sourceTree = "<group>"; };
		4DF4D39B27FD5D6700405AB4 /* SignUpName.swift */ = {isa = PBXFileReference; lastKnownFileType = sourcecode.swift; path = SignUpName.swift; sourceTree = "<group>"; };
		4DF4D39D27FD5F9E00405AB4 /* SIgnUpPw.swift */ = {isa = PBXFileReference; lastKnownFileType = sourcecode.swift; path = SIgnUpPw.swift; sourceTree = "<group>"; };
		4DF4D39F27FD5FB600405AB4 /* Welcome.swift */ = {isa = PBXFileReference; lastKnownFileType = sourcecode.swift; path = Welcome.swift; sourceTree = "<group>"; };
/* End PBXFileReference section */

/* Begin PBXFrameworksBuildPhase section */
		4DF4D37F27FD5CEA00405AB4 /* Frameworks */ = {
			isa = PBXFrameworksBuildPhase;
			buildActionMask = 2147483647;
			files = (
			);
			runOnlyForDeploymentPostprocessing = 0;
		};
/* End PBXFrameworksBuildPhase section */

/* Begin PBXGroup section */
		4DF4D37927FD5CEA00405AB4 = {
			isa = PBXGroup;
			children = (
				4DF4D38427FD5CEA00405AB4 /* Instagram Clone Coding */,
				4DF4D38327FD5CEA00405AB4 /* Products */,
			);
			sourceTree = "<group>";
		};
		4DF4D38327FD5CEA00405AB4 /* Products */ = {
			isa = PBXGroup;
			children = (
				4DF4D38227FD5CEA00405AB4 /* Instagram Clone Coding.app */,
			);
			name = Products;
			sourceTree = "<group>";
		};
		4DF4D38427FD5CEA00405AB4 /* Instagram Clone Coding */ = {
			isa = PBXGroup;
			children = (
				4DF4D38527FD5CEA00405AB4 /* AppDelegate.swift */,
				4DF4D38727FD5CEA00405AB4 /* SceneDelegate.swift */,
				4DF4D38927FD5CEA00405AB4 /* ViewController.swift */,
				4DF4D38B27FD5CEA00405AB4 /* Main.storyboard */,
				4DF4D38E27FD5CEF00405AB4 /* Assets.xcassets */,
				4DF4D39027FD5CEF00405AB4 /* LaunchScreen.storyboard */,
				4DF4D39327FD5CEF00405AB4 /* Info.plist */,
				4DF4D39B27FD5D6700405AB4 /* SignUpName.swift */,
				4DF4D39927FD5D2E00405AB4 /* Login.swift */,
				4DF4D39D27FD5F9E00405AB4 /* SIgnUpPw.swift */,
				4DF4D39F27FD5FB600405AB4 /* Welcome.swift */,
			);
			path = "Instagram Clone Coding";
			sourceTree = "<group>";
		};
/* End PBXGroup section */

/* Begin PBXNativeTarget section */
		4DF4D38127FD5CEA00405AB4 /* Instagram Clone Coding */ = {
			isa = PBXNativeTarget;
			buildConfigurationList = 4DF4D39627FD5CEF00405AB4 /* Build configuration list for PBXNativeTarget "Instagram Clone Coding" */;
			buildPhases = (
				4DF4D37E27FD5CEA00405AB4 /* Sources */,
				4DF4D37F27FD5CEA00405AB4 /* Frameworks */,
				4DF4D38027FD5CEA00405AB4 /* Resources */,
			);
			buildRules = (
			);
			dependencies = (
			);
			name = "Instagram Clone Coding";
			productName = "Instagram Clone Coding";
			productReference = 4DF4D38227FD5CEA00405AB4 /* Instagram Clone Coding.app */;
			productType = "com.apple.product-type.application";
		};
/* End PBXNativeTarget section */

/* Begin PBXProject section */
		4DF4D37A27FD5CEA00405AB4 /* Project object */ = {
			isa = PBXProject;
			attributes = {
				BuildIndependentTargetsInParallel = 1;
				LastSwiftUpdateCheck = 1330;
				LastUpgradeCheck = 1330;
				TargetAttributes = {
					4DF4D38127FD5CEA00405AB4 = {
						CreatedOnToolsVersion = 13.3;
					};
				};
			};
			buildConfigurationList = 4DF4D37D27FD5CEA00405AB4 /* Build configuration list for PBXProject "Instagram Clone Coding" */;
			compatibilityVersion = "Xcode 13.0";
			developmentRegion = en;
			hasScannedForEncodings = 0;
			knownRegions = (
				en,
				Base,
			);
			mainGroup = 4DF4D37927FD5CEA00405AB4;
			productRefGroup = 4DF4D38327FD5CEA00405AB4 /* Products */;
			projectDirPath = "";
			projectRoot = "";
			targets = (
				4DF4D38127FD5CEA00405AB4 /* Instagram Clone Coding */,
			);
		};
/* End PBXProject section */

/* Begin PBXResourcesBuildPhase section */
		4DF4D38027FD5CEA00405AB4 /* Resources */ = {
			isa = PBXResourcesBuildPhase;
			buildActionMask = 2147483647;
			files = (
				4DF4D39227FD5CEF00405AB4 /* LaunchScreen.storyboard in Resources */,
				4DF4D38F27FD5CEF00405AB4 /* Assets.xcassets in Resources */,
				4DF4D38D27FD5CEA00405AB4 /* Main.storyboard in Resources */,
			);
			runOnlyForDeploymentPostprocessing = 0;
		};
/* End PBXResourcesBuildPhase section */

/* Begin PBXSourcesBuildPhase section */
		4DF4D37E27FD5CEA00405AB4 /* Sources */ = {
			isa = PBXSourcesBuildPhase;
			buildActionMask = 2147483647;
			files = (
				4DF4D38A27FD5CEA00405AB4 /* ViewController.swift in Sources */,
				4DF4D38627FD5CEA00405AB4 /* AppDelegate.swift in Sources */,
				4DF4D38827FD5CEA00405AB4 /* SceneDelegate.swift in Sources */,
				4DF4D39C27FD5D6700405AB4 /* SignUpName.swift in Sources */,
				4DF4D39E27FD5F9E00405AB4 /* SIgnUpPw.swift in Sources */,
				4DF4D39A27FD5D2E00405AB4 /* Login.swift in Sources */,
				4DF4D3A027FD5FB600405AB4 /* Welcome.swift in Sources */,
			);
			runOnlyForDeploymentPostprocessing = 0;
		};
/* End PBXSourcesBuildPhase section */

/* Begin PBXVariantGroup section */
		4DF4D38B27FD5CEA00405AB4 /* Main.storyboard */ = {
			isa = PBXVariantGroup;
			children = (
				4DF4D38C27FD5CEA00405AB4 /* Base */,
			);
			name = Main.storyboard;
			sourceTree = "<group>";
		};
		4DF4D39027FD5CEF00405AB4 /* LaunchScreen.storyboard */ = {
			isa = PBXVariantGroup;
			children = (
				4DF4D39127FD5CEF00405AB4 /* Base */,
			);
			name = LaunchScreen.storyboard;
			sourceTree = "<group>";
		};
/* End PBXVariantGroup section */

/* Begin XCBuildConfiguration section */
		4DF4D39427FD5CEF00405AB4 /* Debug */ = {
			isa = XCBuildConfiguration;
			buildSettings = {
				ALWAYS_SEARCH_USER_PATHS = NO;
				CLANG_ANALYZER_NONNULL = YES;
				CLANG_ANALYZER_NUMBER_OBJECT_CONVERSION = YES_AGGRESSIVE;
				CLANG_CXX_LANGUAGE_STANDARD = "gnu++17";
				CLANG_ENABLE_MODULES = YES;
				CLANG_ENABLE_OBJC_ARC = YES;
				CLANG_ENABLE_OBJC_WEAK = YES;
				CLANG_WARN_BLOCK_CAPTURE_AUTORELEASING = YES;
				CLANG_WARN_BOOL_CONVERSION = YES;
				CLANG_WARN_COMMA = YES;
				CLANG_WARN_CONSTANT_CONVERSION = YES;
				CLANG_WARN_DEPRECATED_OBJC_IMPLEMENTATIONS = YES;
				CLANG_WARN_DIRECT_OBJC_ISA_USAGE = YES_ERROR;
				CLANG_WARN_DOCUMENTATION_COMMENTS = YES;
				CLANG_WARN_EMPTY_BODY = YES;
				CLANG_WARN_ENUM_CONVERSION = YES;
				CLANG_WARN_INFINITE_RECURSION = YES;
				CLANG_WARN_INT_CONVERSION = YES;
				CLANG_WARN_NON_LITERAL_NULL_CONVERSION = YES;
				CLANG_WARN_OBJC_IMPLICIT_RETAIN_SELF = YES;
				CLANG_WARN_OBJC_LITERAL_CONVERSION = YES;
				CLANG_WARN_OBJC_ROOT_CLASS = YES_ERROR;
				CLANG_WARN_QUOTED_INCLUDE_IN_FRAMEWORK_HEADER = YES;
				CLANG_WARN_RANGE_LOOP_ANALYSIS = YES;
				CLANG_WARN_STRICT_PROTOTYPES = YES;
				CLANG_WARN_SUSPICIOUS_MOVE = YES;
				CLANG_WARN_UNGUARDED_AVAILABILITY = YES_AGGRESSIVE;
				CLANG_WARN_UNREACHABLE_CODE = YES;
				CLANG_WARN__DUPLICATE_METHOD_MATCH = YES;
				COPY_PHASE_STRIP = NO;
				DEBUG_INFORMATION_FORMAT = dwarf;
				ENABLE_STRICT_OBJC_MSGSEND = YES;
				ENABLE_TESTABILITY = YES;
				GCC_C_LANGUAGE_STANDARD = gnu11;
				GCC_DYNAMIC_NO_PIC = NO;
				GCC_NO_COMMON_BLOCKS = YES;
				GCC_OPTIMIZATION_LEVEL = 0;
				GCC_PREPROCESSOR_DEFINITIONS = (
					"DEBUG=1",
					"$(inherited)",
				);
				GCC_WARN_64_TO_32_BIT_CONVERSION = YES;
				GCC_WARN_ABOUT_RETURN_TYPE = YES_ERROR;
				GCC_WARN_UNDECLARED_SELECTOR = YES;
				GCC_WARN_UNINITIALIZED_AUTOS = YES_AGGRESSIVE;
				GCC_WARN_UNUSED_FUNCTION = YES;
				GCC_WARN_UNUSED_VARIABLE = YES;
				IPHONEOS_DEPLOYMENT_TARGET = 15.4;
				MTL_ENABLE_DEBUG_INFO = INCLUDE_SOURCE;
				MTL_FAST_MATH = YES;
				ONLY_ACTIVE_ARCH = YES;
				SDKROOT = iphoneos;
				SWIFT_ACTIVE_COMPILATION_CONDITIONS = DEBUG;
				SWIFT_OPTIMIZATION_LEVEL = "-Onone";
			};
			name = Debug;
		};
		4DF4D39527FD5CEF00405AB4 /* Release */ = {
			isa = XCBuildConfiguration;
			buildSettings = {
				ALWAYS_SEARCH_USER_PATHS = NO;
				CLANG_ANALYZER_NONNULL = YES;
				CLANG_ANALYZER_NUMBER_OBJECT_CONVERSION = YES_AGGRESSIVE;
				CLANG_CXX_LANGUAGE_STANDARD = "gnu++17";
				CLANG_ENABLE_MODULES = YES;
				CLANG_ENABLE_OBJC_ARC = YES;
				CLANG_ENABLE_OBJC_WEAK = YES;
				CLANG_WARN_BLOCK_CAPTURE_AUTORELEASING = YES;
				CLANG_WARN_BOOL_CONVERSION = YES;
				CLANG_WARN_COMMA = YES;
				CLANG_WARN_CONSTANT_CONVERSION = YES;
				CLANG_WARN_DEPRECATED_OBJC_IMPLEMENTATIONS = YES;
				CLANG_WARN_DIRECT_OBJC_ISA_USAGE = YES_ERROR;
				CLANG_WARN_DOCUMENTATION_COMMENTS = YES;
				CLANG_WARN_EMPTY_BODY = YES;
				CLANG_WARN_ENUM_CONVERSION = YES;
				CLANG_WARN_INFINITE_RECURSION = YES;
				CLANG_WARN_INT_CONVERSION = YES;
				CLANG_WARN_NON_LITERAL_NULL_CONVERSION = YES;
				CLANG_WARN_OBJC_IMPLICIT_RETAIN_SELF = YES;
				CLANG_WARN_OBJC_LITERAL_CONVERSION = YES;
				CLANG_WARN_OBJC_ROOT_CLASS = YES_ERROR;
				CLANG_WARN_QUOTED_INCLUDE_IN_FRAMEWORK_HEADER = YES;
				CLANG_WARN_RANGE_LOOP_ANALYSIS = YES;
				CLANG_WARN_STRICT_PROTOTYPES = YES;
				CLANG_WARN_SUSPICIOUS_MOVE = YES;
				CLANG_WARN_UNGUARDED_AVAILABILITY = YES_AGGRESSIVE;
				CLANG_WARN_UNREACHABLE_CODE = YES;
				CLANG_WARN__DUPLICATE_METHOD_MATCH = YES;
				COPY_PHASE_STRIP = NO;
				DEBUG_INFORMATION_FORMAT = "dwarf-with-dsym";
				ENABLE_NS_ASSERTIONS = NO;
				ENABLE_STRICT_OBJC_MSGSEND = YES;
				GCC_C_LANGUAGE_STANDARD = gnu11;
				GCC_NO_COMMON_BLOCKS = YES;
				GCC_WARN_64_TO_32_BIT_CONVERSION = YES;
				GCC_WARN_ABOUT_RETURN_TYPE = YES_ERROR;
				GCC_WARN_UNDECLARED_SELECTOR = YES;
				GCC_WARN_UNINITIALIZED_AUTOS = YES_AGGRESSIVE;
				GCC_WARN_UNUSED_FUNCTION = YES;
				GCC_WARN_UNUSED_VARIABLE = YES;
				IPHONEOS_DEPLOYMENT_TARGET = 15.4;
				MTL_ENABLE_DEBUG_INFO = NO;
				MTL_FAST_MATH = YES;
				SDKROOT = iphoneos;
				SWIFT_COMPILATION_MODE = wholemodule;
				SWIFT_OPTIMIZATION_LEVEL = "-O";
				VALIDATE_PRODUCT = YES;
			};
			name = Release;
		};
		4DF4D39727FD5CEF00405AB4 /* Debug */ = {
			isa = XCBuildConfiguration;
			buildSettings = {
				ASSETCATALOG_COMPILER_APPICON_NAME = AppIcon;
				ASSETCATALOG_COMPILER_GLOBAL_ACCENT_COLOR_NAME = AccentColor;
				CODE_SIGN_STYLE = Automatic;
				CURRENT_PROJECT_VERSION = 1;
				DEVELOPMENT_TEAM = T24N5ZR2DS;
				GENERATE_INFOPLIST_FILE = YES;
				INFOPLIST_FILE = "Instagram Clone Coding/Info.plist";
				INFOPLIST_KEY_UIApplicationSupportsIndirectInputEvents = YES;
				INFOPLIST_KEY_UILaunchStoryboardName = LaunchScreen;
				INFOPLIST_KEY_UIMainStoryboardFile = Main;
				INFOPLIST_KEY_UISupportedInterfaceOrientations_iPad = "UIInterfaceOrientationPortrait UIInterfaceOrientationPortraitUpsideDown UIInterfaceOrientationLandscapeLeft UIInterfaceOrientationLandscapeRight";
				INFOPLIST_KEY_UISupportedInterfaceOrientations_iPhone = "UIInterfaceOrientationPortrait UIInterfaceOrientationLandscapeLeft UIInterfaceOrientationLandscapeRight";
				LD_RUNPATH_SEARCH_PATHS = (
					"$(inherited)",
					"@executable_path/Frameworks",
				);
				MARKETING_VERSION = 1.0;
				PRODUCT_BUNDLE_IDENTIFIER = "org.sopt.Instagram-Clone-Coding";
				PRODUCT_NAME = "$(TARGET_NAME)";
				SWIFT_EMIT_LOC_STRINGS = YES;
				SWIFT_VERSION = 5.0;
				TARGETED_DEVICE_FAMILY = "1,2";
			};
			name = Debug;
		};
		4DF4D39827FD5CEF00405AB4 /* Release */ = {
			isa = XCBuildConfiguration;
			buildSettings = {
				ASSETCATALOG_COMPILER_APPICON_NAME = AppIcon;
				ASSETCATALOG_COMPILER_GLOBAL_ACCENT_COLOR_NAME = AccentColor;
				CODE_SIGN_STYLE = Automatic;
				CURRENT_PROJECT_VERSION = 1;
				DEVELOPMENT_TEAM = T24N5ZR2DS;
				GENERATE_INFOPLIST_FILE = YES;
				INFOPLIST_FILE = "Instagram Clone Coding/Info.plist";
				INFOPLIST_KEY_UIApplicationSupportsIndirectInputEvents = YES;
				INFOPLIST_KEY_UILaunchStoryboardName = LaunchScreen;
				INFOPLIST_KEY_UIMainStoryboardFile = Main;
				INFOPLIST_KEY_UISupportedInterfaceOrientations_iPad = "UIInterfaceOrientationPortrait UIInterfaceOrientationPortraitUpsideDown UIInterfaceOrientationLandscapeLeft UIInterfaceOrientationLandscapeRight";
				INFOPLIST_KEY_UISupportedInterfaceOrientations_iPhone = "UIInterfaceOrientationPortrait UIInterfaceOrientationLandscapeLeft UIInterfaceOrientationLandscapeRight";
				LD_RUNPATH_SEARCH_PATHS = (
					"$(inherited)",
					"@executable_path/Frameworks",
				);
				MARKETING_VERSION = 1.0;
				PRODUCT_BUNDLE_IDENTIFIER = "org.sopt.Instagram-Clone-Coding";
				PRODUCT_NAME = "$(TARGET_NAME)";
				SWIFT_EMIT_LOC_STRINGS = YES;
				SWIFT_VERSION = 5.0;
				TARGETED_DEVICE_FAMILY = "1,2";
			};
			name = Release;
		};
/* End XCBuildConfiguration section */

/* Begin XCConfigurationList section */
		4DF4D37D27FD5CEA00405AB4 /* Build configuration list for PBXProject "Instagram Clone Coding" */ = {
			isa = XCConfigurationList;
			buildConfigurations = (
				4DF4D39427FD5CEF00405AB4 /* Debug */,
				4DF4D39527FD5CEF00405AB4 /* Release */,
			);
			defaultConfigurationIsVisible = 0;
			defaultConfigurationName = Release;
		};
		4DF4D39627FD5CEF00405AB4 /* Build configuration list for PBXNativeTarget "Instagram Clone Coding" */ = {
			isa = XCConfigurationList;
			buildConfigurations = (
				4DF4D39727FD5CEF00405AB4 /* Debug */,
				4DF4D39827FD5CEF00405AB4 /* Release */,
			);
			defaultConfigurationIsVisible = 0;
			defaultConfigurationName = Release;
		};
/* End XCConfigurationList section */
	};
	rootObject = 4DF4D37A27FD5CEA00405AB4 /* Project object */;
}
